// !$*UTF8*$!
{
	archiveVersion = 1;
	classes = {
	};
	objectVersion = 46;
	objects = {

/* Begin PBXBuildFile section */
		03191DAE1E4C55EB0013DDEF /* UCZProgressView.m in Sources */ = {isa = PBXBuildFile; fileRef = 03191CEA1E4C55EB0013DDEF /* UCZProgressView.m */; };
		03191DAF1E4C55EB0013DDEF /* KYPhotoGallery.m in Sources */ = {isa = PBXBuildFile; fileRef = 03191CEC1E4C55EB0013DDEF /* KYPhotoGallery.m */; };
		03191DB01E4C55EB0013DDEF /* PhotoGalleryImageView.m in Sources */ = {isa = PBXBuildFile; fileRef = 03191CEF1E4C55EB0013DDEF /* PhotoGalleryImageView.m */; };
		03191DB11E4C55EB0013DDEF /* PhotoGalleryScrollView.m in Sources */ = {isa = PBXBuildFile; fileRef = 03191CF11E4C55EB0013DDEF /* PhotoGalleryScrollView.m */; };
		03191DB21E4C55EB0013DDEF /* PhotoZoomScrollView.m in Sources */ = {isa = PBXBuildFile; fileRef = 03191CF31E4C55EB0013DDEF /* PhotoZoomScrollView.m */; };
		03191DCA1E4C55EB0013DDEF /* README.md in Sources */ = {isa = PBXBuildFile; fileRef = 03191D791E4C55EB0013DDEF /* README.md */; };
		03191DCB1E4C55EB0013DDEF /* NSData+ImageContentType.m in Sources */ = {isa = PBXBuildFile; fileRef = 03191D7C1E4C55EB0013DDEF /* NSData+ImageContentType.m */; };
		03191DCC1E4C55EB0013DDEF /* SDImageCache.m in Sources */ = {isa = PBXBuildFile; fileRef = 03191D7E1E4C55EB0013DDEF /* SDImageCache.m */; };
		03191DCD1E4C55EB0013DDEF /* SDWebImageCompat.m in Sources */ = {isa = PBXBuildFile; fileRef = 03191D801E4C55EB0013DDEF /* SDWebImageCompat.m */; };
		03191DCE1E4C55EB0013DDEF /* SDWebImageDecoder.m in Sources */ = {isa = PBXBuildFile; fileRef = 03191D821E4C55EB0013DDEF /* SDWebImageDecoder.m */; };
		03191DCF1E4C55EB0013DDEF /* SDWebImageDownloader.m in Sources */ = {isa = PBXBuildFile; fileRef = 03191D841E4C55EB0013DDEF /* SDWebImageDownloader.m */; };
		03191DD01E4C55EB0013DDEF /* SDWebImageDownloaderOperation.m in Sources */ = {isa = PBXBuildFile; fileRef = 03191D861E4C55EB0013DDEF /* SDWebImageDownloaderOperation.m */; };
		03191DD11E4C55EB0013DDEF /* SDWebImageManager.m in Sources */ = {isa = PBXBuildFile; fileRef = 03191D881E4C55EB0013DDEF /* SDWebImageManager.m */; };
		03191DD21E4C55EB0013DDEF /* SDWebImagePrefetcher.m in Sources */ = {isa = PBXBuildFile; fileRef = 03191D8B1E4C55EB0013DDEF /* SDWebImagePrefetcher.m */; };
		03191DD31E4C55EB0013DDEF /* UIButton+WebCache.m in Sources */ = {isa = PBXBuildFile; fileRef = 03191D8D1E4C55EB0013DDEF /* UIButton+WebCache.m */; };
		03191DD41E4C55EB0013DDEF /* UIImage+GIF.m in Sources */ = {isa = PBXBuildFile; fileRef = 03191D8F1E4C55EB0013DDEF /* UIImage+GIF.m */; };
		03191DD51E4C55EB0013DDEF /* UIImage+MultiFormat.m in Sources */ = {isa = PBXBuildFile; fileRef = 03191D911E4C55EB0013DDEF /* UIImage+MultiFormat.m */; };
		03191DD61E4C55EB0013DDEF /* UIImageView+HighlightedWebCache.m in Sources */ = {isa = PBXBuildFile; fileRef = 03191D931E4C55EB0013DDEF /* UIImageView+HighlightedWebCache.m */; };
		03191DD71E4C55EB0013DDEF /* UIImageView+WebCache.m in Sources */ = {isa = PBXBuildFile; fileRef = 03191D951E4C55EB0013DDEF /* UIImageView+WebCache.m */; };
		03191DD81E4C55EB0013DDEF /* UIView+WebCacheOperation.m in Sources */ = {isa = PBXBuildFile; fileRef = 03191D971E4C55EB0013DDEF /* UIView+WebCacheOperation.m */; };
		03191DD91E4C55EB0013DDEF /* STConst.m in Sources */ = {isa = PBXBuildFile; fileRef = 03191D9B1E4C55EB0013DDEF /* STConst.m */; };
		03191DDA1E4C55EB0013DDEF /* STUI.m in Sources */ = {isa = PBXBuildFile; fileRef = 03191D9D1E4C55EB0013DDEF /* STUI.m */; };
		03191DDB1E4C55EB0013DDEF /* UIView+ST.m in Sources */ = {isa = PBXBuildFile; fileRef = 03191D9F1E4C55EB0013DDEF /* UIView+ST.m */; };
		03191DDC1E4C55EB0013DDEF /* STAlertView.m in Sources */ = {isa = PBXBuildFile; fileRef = 03191DA21E4C55EB0013DDEF /* STAlertView.m */; };
		03191DDD1E4C55EB0013DDEF /* STIndicatorView.m in Sources */ = {isa = PBXBuildFile; fileRef = 03191DA41E4C55EB0013DDEF /* STIndicatorView.m */; };
		03191DDE1E4C55EB0013DDEF /* STPhotoBrowserController.m in Sources */ = {isa = PBXBuildFile; fileRef = 03191DA61E4C55EB0013DDEF /* STPhotoBrowserController.m */; };
		03191DDF1E4C55EB0013DDEF /* STPhotoBrowserView.m in Sources */ = {isa = PBXBuildFile; fileRef = 03191DA81E4C55EB0013DDEF /* STPhotoBrowserView.m */; };
		03191DE01E4C55EB0013DDEF /* ViewController.m in Sources */ = {isa = PBXBuildFile; fileRef = 03191DAB1E4C55EB0013DDEF /* ViewController.m */; };
		03191DE11E4C55EB0013DDEF /* ZJImageBrowserManager.m in Sources */ = {isa = PBXBuildFile; fileRef = 03191DAD1E4C55EB0013DDEF /* ZJImageBrowserManager.m */; };
/* End PBXBuildFile section */

/* Begin PBXCopyFilesBuildPhase section */
		03191CD81E4C55B90013DDEF /* CopyFiles */ = {
			isa = PBXCopyFilesBuildPhase;
			buildActionMask = 2147483647;
			dstPath = "include/$(PRODUCT_NAME)";
			dstSubfolderSpec = 16;
			files = (
			);
			runOnlyForDeploymentPostprocessing = 0;
		};
/* End PBXCopyFilesBuildPhase section */

/* Begin PBXFileReference section */
		03191CDA1E4C55B90013DDEF /* libZJImageBrowserManager.a */ = {isa = PBXFileReference; explicitFileType = archive.ar; includeInIndex = 0; path = libZJImageBrowserManager.a; sourceTree = BUILT_PRODUCTS_DIR; };
		03191CE81E4C55EB0013DDEF /* Macro.h */ = {isa = PBXFileReference; fileEncoding = 4; lastKnownFileType = sourcecode.c.h; path = Macro.h; sourceTree = "<group>"; };
		03191CE91E4C55EB0013DDEF /* UCZProgressView.h */ = {isa = PBXFileReference; fileEncoding = 4; lastKnownFileType = sourcecode.c.h; path = UCZProgressView.h; sourceTree = "<group>"; };
		03191CEA1E4C55EB0013DDEF /* UCZProgressView.m */ = {isa = PBXFileReference; fileEncoding = 4; lastKnownFileType = sourcecode.c.objc; path = UCZProgressView.m; sourceTree = "<group>"; };
		03191CEB1E4C55EB0013DDEF /* KYPhotoGallery.h */ = {isa = PBXFileReference; fileEncoding = 4; lastKnownFileType = sourcecode.c.h; path = KYPhotoGallery.h; sourceTree = "<group>"; };
		03191CEC1E4C55EB0013DDEF /* KYPhotoGallery.m */ = {isa = PBXFileReference; fileEncoding = 4; lastKnownFileType = sourcecode.c.objc; path = KYPhotoGallery.m; sourceTree = "<group>"; };
		03191CEE1E4C55EB0013DDEF /* PhotoGalleryImageView.h */ = {isa = PBXFileReference; fileEncoding = 4; lastKnownFileType = sourcecode.c.h; path = PhotoGalleryImageView.h; sourceTree = "<group>"; };
		03191CEF1E4C55EB0013DDEF /* PhotoGalleryImageView.m */ = {isa = PBXFileReference; fileEncoding = 4; lastKnownFileType = sourcecode.c.objc; path = PhotoGalleryImageView.m; sourceTree = "<group>"; };
		03191CF01E4C55EB0013DDEF /* PhotoGalleryScrollView.h */ = {isa = PBXFileReference; fileEncoding = 4; lastKnownFileType = sourcecode.c.h; path = PhotoGalleryScrollView.h; sourceTree = "<group>"; };
		03191CF11E4C55EB0013DDEF /* PhotoGalleryScrollView.m */ = {isa = PBXFileReference; fileEncoding = 4; lastKnownFileType = sourcecode.c.objc; path = PhotoGalleryScrollView.m; sourceTree = "<group>"; };
		03191CF21E4C55EB0013DDEF /* PhotoZoomScrollView.h */ = {isa = PBXFileReference; fileEncoding = 4; lastKnownFileType = sourcecode.c.h; path = PhotoZoomScrollView.h; sourceTree = "<group>"; };
		03191CF31E4C55EB0013DDEF /* PhotoZoomScrollView.m */ = {isa = PBXFileReference; fileEncoding = 4; lastKnownFileType = sourcecode.c.objc; path = PhotoZoomScrollView.m; sourceTree = "<group>"; };
		03191D781E4C55EB0013DDEF /* LICENSE */ = {isa = PBXFileReference; fileEncoding = 4; lastKnownFileType = text; path = LICENSE; sourceTree = "<group>"; };
		03191D791E4C55EB0013DDEF /* README.md */ = {isa = PBXFileReference; fileEncoding = 4; lastKnownFileType = net.daringfireball.markdown; path = README.md; sourceTree = "<group>"; };
		03191D7B1E4C55EB0013DDEF /* NSData+ImageContentType.h */ = {isa = PBXFileReference; fileEncoding = 4; lastKnownFileType = sourcecode.c.h; path = "NSData+ImageContentType.h"; sourceTree = "<group>"; };
		03191D7C1E4C55EB0013DDEF /* NSData+ImageContentType.m */ = {isa = PBXFileReference; fileEncoding = 4; lastKnownFileType = sourcecode.c.objc; path = "NSData+ImageContentType.m"; sourceTree = "<group>"; };
		03191D7D1E4C55EB0013DDEF /* SDImageCache.h */ = {isa = PBXFileReference; fileEncoding = 4; lastKnownFileType = sourcecode.c.h; path = SDImageCache.h; sourceTree = "<group>"; };
		03191D7E1E4C55EB0013DDEF /* SDImageCache.m */ = {isa = PBXFileReference; fileEncoding = 4; lastKnownFileType = sourcecode.c.objc; path = SDImageCache.m; sourceTree = "<group>"; };
		03191D7F1E4C55EB0013DDEF /* SDWebImageCompat.h */ = {isa = PBXFileReference; fileEncoding = 4; lastKnownFileType = sourcecode.c.h; path = SDWebImageCompat.h; sourceTree = "<group>"; };
		03191D801E4C55EB0013DDEF /* SDWebImageCompat.m */ = {isa = PBXFileReference; fileEncoding = 4; lastKnownFileType = sourcecode.c.objc; path = SDWebImageCompat.m; sourceTree = "<group>"; };
		03191D811E4C55EB0013DDEF /* SDWebImageDecoder.h */ = {isa = PBXFileReference; fileEncoding = 4; lastKnownFileType = sourcecode.c.h; path = SDWebImageDecoder.h; sourceTree = "<group>"; };
		03191D821E4C55EB0013DDEF /* SDWebImageDecoder.m */ = {isa = PBXFileReference; fileEncoding = 4; lastKnownFileType = sourcecode.c.objc; path = SDWebImageDecoder.m; sourceTree = "<group>"; };
		03191D831E4C55EB0013DDEF /* SDWebImageDownloader.h */ = {isa = PBXFileReference; fileEncoding = 4; lastKnownFileType = sourcecode.c.h; path = SDWebImageDownloader.h; sourceTree = "<group>"; };
		03191D841E4C55EB0013DDEF /* SDWebImageDownloader.m */ = {isa = PBXFileReference; fileEncoding = 4; lastKnownFileType = sourcecode.c.objc; path = SDWebImageDownloader.m; sourceTree = "<group>"; };
		03191D851E4C55EB0013DDEF /* SDWebImageDownloaderOperation.h */ = {isa = PBXFileReference; fileEncoding = 4; lastKnownFileType = sourcecode.c.h; path = SDWebImageDownloaderOperation.h; sourceTree = "<group>"; };
		03191D861E4C55EB0013DDEF /* SDWebImageDownloaderOperation.m */ = {isa = PBXFileReference; fileEncoding = 4; lastKnownFileType = sourcecode.c.objc; path = SDWebImageDownloaderOperation.m; sourceTree = "<group>"; };
		03191D871E4C55EB0013DDEF /* SDWebImageManager.h */ = {isa = PBXFileReference; fileEncoding = 4; lastKnownFileType = sourcecode.c.h; path = SDWebImageManager.h; sourceTree = "<group>"; };
		03191D881E4C55EB0013DDEF /* SDWebImageManager.m */ = {isa = PBXFileReference; fileEncoding = 4; lastKnownFileType = sourcecode.c.objc; path = SDWebImageManager.m; sourceTree = "<group>"; };
		03191D891E4C55EB0013DDEF /* SDWebImageOperation.h */ = {isa = PBXFileReference; fileEncoding = 4; lastKnownFileType = sourcecode.c.h; path = SDWebImageOperation.h; sourceTree = "<group>"; };
		03191D8A1E4C55EB0013DDEF /* SDWebImagePrefetcher.h */ = {isa = PBXFileReference; fileEncoding = 4; lastKnownFileType = sourcecode.c.h; path = SDWebImagePrefetcher.h; sourceTree = "<group>"; };
		03191D8B1E4C55EB0013DDEF /* SDWebImagePrefetcher.m */ = {isa = PBXFileReference; fileEncoding = 4; lastKnownFileType = sourcecode.c.objc; path = SDWebImagePrefetcher.m; sourceTree = "<group>"; };
		03191D8C1E4C55EB0013DDEF /* UIButton+WebCache.h */ = {isa = PBXFileReference; fileEncoding = 4; lastKnownFileType = sourcecode.c.h; path = "UIButton+WebCache.h"; sourceTree = "<group>"; };
		03191D8D1E4C55EB0013DDEF /* UIButton+WebCache.m */ = {isa = PBXFileReference; fileEncoding = 4; lastKnownFileType = sourcecode.c.objc; path = "UIButton+WebCache.m"; sourceTree = "<group>"; };
		03191D8E1E4C55EB0013DDEF /* UIImage+GIF.h */ = {isa = PBXFileReference; fileEncoding = 4; lastKnownFileType = sourcecode.c.h; path = "UIImage+GIF.h"; sourceTree = "<group>"; };
		03191D8F1E4C55EB0013DDEF /* UIImage+GIF.m */ = {isa = PBXFileReference; fileEncoding = 4; lastKnownFileType = sourcecode.c.objc; path = "UIImage+GIF.m"; sourceTree = "<group>"; };
		03191D901E4C55EB0013DDEF /* UIImage+MultiFormat.h */ = {isa = PBXFileReference; fileEncoding = 4; lastKnownFileType = sourcecode.c.h; path = "UIImage+MultiFormat.h"; sourceTree = "<group>"; };
		03191D911E4C55EB0013DDEF /* UIImage+MultiFormat.m */ = {isa = PBXFileReference; fileEncoding = 4; lastKnownFileType = sourcecode.c.objc; path = "UIImage+MultiFormat.m"; sourceTree = "<group>"; };
		03191D921E4C55EB0013DDEF /* UIImageView+HighlightedWebCache.h */ = {isa = PBXFileReference; fileEncoding = 4; lastKnownFileType = sourcecode.c.h; path = "UIImageView+HighlightedWebCache.h"; sourceTree = "<group>"; };
		03191D931E4C55EB0013DDEF /* UIImageView+HighlightedWebCache.m */ = {isa = PBXFileReference; fileEncoding = 4; lastKnownFileType = sourcecode.c.objc; path = "UIImageView+HighlightedWebCache.m"; sourceTree = "<group>"; };
		03191D941E4C55EB0013DDEF /* UIImageView+WebCache.h */ = {isa = PBXFileReference; fileEncoding = 4; lastKnownFileType = sourcecode.c.h; path = "UIImageView+WebCache.h"; sourceTree = "<group>"; };
		03191D951E4C55EB0013DDEF /* UIImageView+WebCache.m */ = {isa = PBXFileReference; fileEncoding = 4; lastKnownFileType = sourcecode.c.objc; path = "UIImageView+WebCache.m"; sourceTree = "<group>"; };
		03191D961E4C55EB0013DDEF /* UIView+WebCacheOperation.h */ = {isa = PBXFileReference; fileEncoding = 4; lastKnownFileType = sourcecode.c.h; path = "UIView+WebCacheOperation.h"; sourceTree = "<group>"; };
		03191D971E4C55EB0013DDEF /* UIView+WebCacheOperation.m */ = {isa = PBXFileReference; fileEncoding = 4; lastKnownFileType = sourcecode.c.objc; path = "UIView+WebCacheOperation.m"; sourceTree = "<group>"; };
		03191D991E4C55EB0013DDEF /* STConfig.h */ = {isa = PBXFileReference; fileEncoding = 4; lastKnownFileType = sourcecode.c.h; path = STConfig.h; sourceTree = "<group>"; };
		03191D9A1E4C55EB0013DDEF /* STConst.h */ = {isa = PBXFileReference; fileEncoding = 4; lastKnownFileType = sourcecode.c.h; path = STConst.h; sourceTree = "<group>"; };
		03191D9B1E4C55EB0013DDEF /* STConst.m */ = {isa = PBXFileReference; fileEncoding = 4; lastKnownFileType = sourcecode.c.objc; path = STConst.m; sourceTree = "<group>"; };
		03191D9C1E4C55EB0013DDEF /* STUI.h */ = {isa = PBXFileReference; fileEncoding = 4; lastKnownFileType = sourcecode.c.h; path = STUI.h; sourceTree = "<group>"; };
		03191D9D1E4C55EB0013DDEF /* STUI.m */ = {isa = PBXFileReference; fileEncoding = 4; lastKnownFileType = sourcecode.c.objc; path = STUI.m; sourceTree = "<group>"; };
		03191D9E1E4C55EB0013DDEF /* UIView+ST.h */ = {isa = PBXFileReference; fileEncoding = 4; lastKnownFileType = sourcecode.c.h; path = "UIView+ST.h"; sourceTree = "<group>"; };
		03191D9F1E4C55EB0013DDEF /* UIView+ST.m */ = {isa = PBXFileReference; fileEncoding = 4; lastKnownFileType = sourcecode.c.objc; path = "UIView+ST.m"; sourceTree = "<group>"; };
		03191DA11E4C55EB0013DDEF /* STAlertView.h */ = {isa = PBXFileReference; fileEncoding = 4; lastKnownFileType = sourcecode.c.h; path = STAlertView.h; sourceTree = "<group>"; };
		03191DA21E4C55EB0013DDEF /* STAlertView.m */ = {isa = PBXFileReference; fileEncoding = 4; lastKnownFileType = sourcecode.c.objc; path = STAlertView.m; sourceTree = "<group>"; };
		03191DA31E4C55EB0013DDEF /* STIndicatorView.h */ = {isa = PBXFileReference; fileEncoding = 4; lastKnownFileType = sourcecode.c.h; path = STIndicatorView.h; sourceTree = "<group>"; };
		03191DA41E4C55EB0013DDEF /* STIndicatorView.m */ = {isa = PBXFileReference; fileEncoding = 4; lastKnownFileType = sourcecode.c.objc; path = STIndicatorView.m; sourceTree = "<group>"; };
		03191DA51E4C55EB0013DDEF /* STPhotoBrowserController.h */ = {isa = PBXFileReference; fileEncoding = 4; lastKnownFileType = sourcecode.c.h; path = STPhotoBrowserController.h; sourceTree = "<group>"; };
		03191DA61E4C55EB0013DDEF /* STPhotoBrowserController.m */ = {isa = PBXFileReference; fileEncoding = 4; lastKnownFileType = sourcecode.c.objc; path = STPhotoBrowserController.m; sourceTree = "<group>"; };
		03191DA71E4C55EB0013DDEF /* STPhotoBrowserView.h */ = {isa = PBXFileReference; fileEncoding = 4; lastKnownFileType = sourcecode.c.h; path = STPhotoBrowserView.h; sourceTree = "<group>"; };
		03191DA81E4C55EB0013DDEF /* STPhotoBrowserView.m */ = {isa = PBXFileReference; fileEncoding = 4; lastKnownFileType = sourcecode.c.objc; path = STPhotoBrowserView.m; sourceTree = "<group>"; };
		03191DA91E4C55EB0013DDEF /* Main.storyboard */ = {isa = PBXFileReference; fileEncoding = 4; lastKnownFileType = file.storyboard; path = Main.storyboard; sourceTree = "<group>"; };
		03191DAA1E4C55EB0013DDEF /* ViewController.h */ = {isa = PBXFileReference; fileEncoding = 4; lastKnownFileType = sourcecode.c.h; path = ViewController.h; sourceTree = "<group>"; };
		03191DAB1E4C55EB0013DDEF /* ViewController.m */ = {isa = PBXFileReference; fileEncoding = 4; lastKnownFileType = sourcecode.c.objc; path = ViewController.m; sourceTree = "<group>"; };
		03191DAC1E4C55EB0013DDEF /* ZJImageBrowserManager.h */ = {isa = PBXFileReference; fileEncoding = 4; lastKnownFileType = sourcecode.c.h; path = ZJImageBrowserManager.h; sourceTree = "<group>"; };
		03191DAD1E4C55EB0013DDEF /* ZJImageBrowserManager.m */ = {isa = PBXFileReference; fileEncoding = 4; lastKnownFileType = sourcecode.c.objc; path = ZJImageBrowserManager.m; sourceTree = "<group>"; };
/* End PBXFileReference section */

/* Begin PBXFrameworksBuildPhase section */
		03191CD71E4C55B90013DDEF /* Frameworks */ = {
			isa = PBXFrameworksBuildPhase;
			buildActionMask = 2147483647;
			files = (
			);
			runOnlyForDeploymentPostprocessing = 0;
		};
/* End PBXFrameworksBuildPhase section */

/* Begin PBXGroup section */
		03191CD11E4C55B90013DDEF = {
			isa = PBXGroup;
			children = (
				03191CDC1E4C55B90013DDEF /* ZJImageBrowserManager */,
				03191CDB1E4C55B90013DDEF /* Products */,
			);
			sourceTree = "<group>";
		};
		03191CDB1E4C55B90013DDEF /* Products */ = {
			isa = PBXGroup;
			children = (
				03191CDA1E4C55B90013DDEF /* libZJImageBrowserManager.a */,
			);
			name = Products;
			sourceTree = "<group>";
		};
		03191CDC1E4C55B90013DDEF /* ZJImageBrowserManager */ = {
			isa = PBXGroup;
			children = (
				03191CE61E4C55EB0013DDEF /* Classes */,
				03191DA91E4C55EB0013DDEF /* Main.storyboard */,
				03191DAA1E4C55EB0013DDEF /* ViewController.h */,
				03191DAB1E4C55EB0013DDEF /* ViewController.m */,
				03191DAC1E4C55EB0013DDEF /* ZJImageBrowserManager.h */,
				03191DAD1E4C55EB0013DDEF /* ZJImageBrowserManager.m */,
			);
			path = ZJImageBrowserManager;
			sourceTree = "<group>";
		};
		03191CE61E4C55EB0013DDEF /* Classes */ = {
			isa = PBXGroup;
			children = (
				03191CE71E4C55EB0013DDEF /* Helpers */,
				03191CEB1E4C55EB0013DDEF /* KYPhotoGallery.h */,
				03191CEC1E4C55EB0013DDEF /* KYPhotoGallery.m */,
				03191CED1E4C55EB0013DDEF /* PhotoGalleryScrollView */,
				03191D771E4C55EB0013DDEF /* SDWebImage */,
				03191D981E4C55EB0013DDEF /* STPhotoBrowserConfig */,
				03191DA01E4C55EB0013DDEF /* STPhotoBrowserView */,
			);
			path = Classes;
			sourceTree = "<group>";
		};
		03191CE71E4C55EB0013DDEF /* Helpers */ = {
			isa = PBXGroup;
			children = (
				03191CE81E4C55EB0013DDEF /* Macro.h */,
				03191CE91E4C55EB0013DDEF /* UCZProgressView.h */,
				03191CEA1E4C55EB0013DDEF /* UCZProgressView.m */,
			);
			path = Helpers;
			sourceTree = "<group>";
		};
		03191CED1E4C55EB0013DDEF /* PhotoGalleryScrollView */ = {
			isa = PBXGroup;
			children = (
				03191CEE1E4C55EB0013DDEF /* PhotoGalleryImageView.h */,
				03191CEF1E4C55EB0013DDEF /* PhotoGalleryImageView.m */,
				03191CF01E4C55EB0013DDEF /* PhotoGalleryScrollView.h */,
				03191CF11E4C55EB0013DDEF /* PhotoGalleryScrollView.m */,
				03191CF21E4C55EB0013DDEF /* PhotoZoomScrollView.h */,
				03191CF31E4C55EB0013DDEF /* PhotoZoomScrollView.m */,
			);
			path = PhotoGalleryScrollView;
			sourceTree = "<group>";
		};
		03191D771E4C55EB0013DDEF /* SDWebImage */ = {
			isa = PBXGroup;
			children = (
				03191D781E4C55EB0013DDEF /* LICENSE */,
				03191D791E4C55EB0013DDEF /* README.md */,
				03191D7A1E4C55EB0013DDEF /* SDWebImage */,
			);
			path = SDWebImage;
			sourceTree = "<group>";
		};
		03191D7A1E4C55EB0013DDEF /* SDWebImage */ = {
			isa = PBXGroup;
			children = (
				03191D7B1E4C55EB0013DDEF /* NSData+ImageContentType.h */,
				03191D7C1E4C55EB0013DDEF /* NSData+ImageContentType.m */,
				03191D7D1E4C55EB0013DDEF /* SDImageCache.h */,
				03191D7E1E4C55EB0013DDEF /* SDImageCache.m */,
				03191D7F1E4C55EB0013DDEF /* SDWebImageCompat.h */,
				03191D801E4C55EB0013DDEF /* SDWebImageCompat.m */,
				03191D811E4C55EB0013DDEF /* SDWebImageDecoder.h */,
				03191D821E4C55EB0013DDEF /* SDWebImageDecoder.m */,
				03191D831E4C55EB0013DDEF /* SDWebImageDownloader.h */,
				03191D841E4C55EB0013DDEF /* SDWebImageDownloader.m */,
				03191D851E4C55EB0013DDEF /* SDWebImageDownloaderOperation.h */,
				03191D861E4C55EB0013DDEF /* SDWebImageDownloaderOperation.m */,
				03191D871E4C55EB0013DDEF /* SDWebImageManager.h */,
				03191D881E4C55EB0013DDEF /* SDWebImageManager.m */,
				03191D891E4C55EB0013DDEF /* SDWebImageOperation.h */,
				03191D8A1E4C55EB0013DDEF /* SDWebImagePrefetcher.h */,
				03191D8B1E4C55EB0013DDEF /* SDWebImagePrefetcher.m */,
				03191D8C1E4C55EB0013DDEF /* UIButton+WebCache.h */,
				03191D8D1E4C55EB0013DDEF /* UIButton+WebCache.m */,
				03191D8E1E4C55EB0013DDEF /* UIImage+GIF.h */,
				03191D8F1E4C55EB0013DDEF /* UIImage+GIF.m */,
				03191D901E4C55EB0013DDEF /* UIImage+MultiFormat.h */,
				03191D911E4C55EB0013DDEF /* UIImage+MultiFormat.m */,
				03191D921E4C55EB0013DDEF /* UIImageView+HighlightedWebCache.h */,
				03191D931E4C55EB0013DDEF /* UIImageView+HighlightedWebCache.m */,
				03191D941E4C55EB0013DDEF /* UIImageView+WebCache.h */,
				03191D951E4C55EB0013DDEF /* UIImageView+WebCache.m */,
				03191D961E4C55EB0013DDEF /* UIView+WebCacheOperation.h */,
				03191D971E4C55EB0013DDEF /* UIView+WebCacheOperation.m */,
			);
			path = SDWebImage;
			sourceTree = "<group>";
		};
		03191D981E4C55EB0013DDEF /* STPhotoBrowserConfig */ = {
			isa = PBXGroup;
			children = (
				03191D991E4C55EB0013DDEF /* STConfig.h */,
				03191D9A1E4C55EB0013DDEF /* STConst.h */,
				03191D9B1E4C55EB0013DDEF /* STConst.m */,
				03191D9C1E4C55EB0013DDEF /* STUI.h */,
				03191D9D1E4C55EB0013DDEF /* STUI.m */,
				03191D9E1E4C55EB0013DDEF /* UIView+ST.h */,
				03191D9F1E4C55EB0013DDEF /* UIView+ST.m */,
			);
			path = STPhotoBrowserConfig;
			sourceTree = "<group>";
		};
		03191DA01E4C55EB0013DDEF /* STPhotoBrowserView */ = {
			isa = PBXGroup;
			children = (
				03191DA11E4C55EB0013DDEF /* STAlertView.h */,
				03191DA21E4C55EB0013DDEF /* STAlertView.m */,
				03191DA31E4C55EB0013DDEF /* STIndicatorView.h */,
				03191DA41E4C55EB0013DDEF /* STIndicatorView.m */,
				03191DA51E4C55EB0013DDEF /* STPhotoBrowserController.h */,
				03191DA61E4C55EB0013DDEF /* STPhotoBrowserController.m */,
				03191DA71E4C55EB0013DDEF /* STPhotoBrowserView.h */,
				03191DA81E4C55EB0013DDEF /* STPhotoBrowserView.m */,
			);
			path = STPhotoBrowserView;
			sourceTree = "<group>";
		};
/* End PBXGroup section */

/* Begin PBXNativeTarget section */
		03191CD91E4C55B90013DDEF /* ZJImageBrowserManager */ = {
			isa = PBXNativeTarget;
			buildConfigurationList = 03191CE31E4C55B90013DDEF /* Build configuration list for PBXNativeTarget "ZJImageBrowserManager" */;
			buildPhases = (
				03191CD61E4C55B90013DDEF /* Sources */,
				03191CD71E4C55B90013DDEF /* Frameworks */,
				03191CD81E4C55B90013DDEF /* CopyFiles */,
			);
			buildRules = (
			);
			dependencies = (
			);
			name = ZJImageBrowserManager;
			productName = ZJImageBrowserManager;
			productReference = 03191CDA1E4C55B90013DDEF /* libZJImageBrowserManager.a */;
			productType = "com.apple.product-type.library.static";
		};
/* End PBXNativeTarget section */

/* Begin PBXProject section */
		03191CD21E4C55B90013DDEF /* Project object */ = {
			isa = PBXProject;
			attributes = {
				LastUpgradeCheck = 0810;
				ORGANIZATIONNAME = brian474;
				TargetAttributes = {
					03191CD91E4C55B90013DDEF = {
						CreatedOnToolsVersion = 8.1;
						DevelopmentTeam = GDAMSZMNE5;
						ProvisioningStyle = Automatic;
					};
				};
			};
			buildConfigurationList = 03191CD51E4C55B90013DDEF /* Build configuration list for PBXProject "ZJImageBrowserManager" */;
			compatibilityVersion = "Xcode 3.2";
			developmentRegion = English;
			hasScannedForEncodings = 0;
			knownRegions = (
				en,
			);
			mainGroup = 03191CD11E4C55B90013DDEF;
			productRefGroup = 03191CDB1E4C55B90013DDEF /* Products */;
			projectDirPath = "";
			projectRoot = "";
			targets = (
				03191CD91E4C55B90013DDEF /* ZJImageBrowserManager */,
			);
		};
/* End PBXProject section */

/* Begin PBXSourcesBuildPhase section */
		03191CD61E4C55B90013DDEF /* Sources */ = {
			isa = PBXSourcesBuildPhase;
			buildActionMask = 2147483647;
			files = (
				03191DE01E4C55EB0013DDEF /* ViewController.m in Sources */,
				03191DD81E4C55EB0013DDEF /* UIView+WebCacheOperation.m in Sources */,
				03191DD41E4C55EB0013DDEF /* UIImage+GIF.m in Sources */,
				03191DDE1E4C55EB0013DDEF /* STPhotoBrowserController.m in Sources */,
				03191DDA1E4C55EB0013DDEF /* STUI.m in Sources */,
				03191DCC1E4C55EB0013DDEF /* SDImageCache.m in Sources */,
				03191DDD1E4C55EB0013DDEF /* STIndicatorView.m in Sources */,
				03191DCD1E4C55EB0013DDEF /* SDWebImageCompat.m in Sources */,
				03191DE11E4C55EB0013DDEF /* ZJImageBrowserManager.m in Sources */,
				03191DDC1E4C55EB0013DDEF /* STAlertView.m in Sources */,
				03191DD21E4C55EB0013DDEF /* SDWebImagePrefetcher.m in Sources */,
				03191DD01E4C55EB0013DDEF /* SDWebImageDownloaderOperation.m in Sources */,
				03191DCF1E4C55EB0013DDEF /* SDWebImageDownloader.m in Sources */,
				03191DCB1E4C55EB0013DDEF /* NSData+ImageContentType.m in Sources */,
				03191DD91E4C55EB0013DDEF /* STConst.m in Sources */,
				03191DCE1E4C55EB0013DDEF /* SDWebImageDecoder.m in Sources */,
				03191DCA1E4C55EB0013DDEF /* README.md in Sources */,
				03191DD11E4C55EB0013DDEF /* SDWebImageManager.m in Sources */,
				03191DB01E4C55EB0013DDEF /* PhotoGalleryImageView.m in Sources */,
				03191DDB1E4C55EB0013DDEF /* UIView+ST.m in Sources */,
				03191DDF1E4C55EB0013DDEF /* STPhotoBrowserView.m in Sources */,
				03191DAE1E4C55EB0013DDEF /* UCZProgressView.m in Sources */,
				03191DB21E4C55EB0013DDEF /* PhotoZoomScrollView.m in Sources */,
				03191DD71E4C55EB0013DDEF /* UIImageView+WebCache.m in Sources */,
				03191DD51E4C55EB0013DDEF /* UIImage+MultiFormat.m in Sources */,
				03191DD31E4C55EB0013DDEF /* UIButton+WebCache.m in Sources */,
				03191DAF1E4C55EB0013DDEF /* KYPhotoGallery.m in Sources */,
				03191DB11E4C55EB0013DDEF /* PhotoGalleryScrollView.m in Sources */,
				03191DD61E4C55EB0013DDEF /* UIImageView+HighlightedWebCache.m in Sources */,
			);
			runOnlyForDeploymentPostprocessing = 0;
		};
/* End PBXSourcesBuildPhase section */

/* Begin XCBuildConfiguration section */
		03191CE11E4C55B90013DDEF /* Debug */ = {
			isa = XCBuildConfiguration;
			buildSettings = {
				ALWAYS_SEARCH_USER_PATHS = NO;
				CLANG_ANALYZER_NONNULL = YES;
				CLANG_CXX_LANGUAGE_STANDARD = "gnu++0x";
				CLANG_CXX_LIBRARY = "libc++";
				CLANG_ENABLE_MODULES = YES;
				CLANG_ENABLE_OBJC_ARC = YES;
				CLANG_WARN_BOOL_CONVERSION = YES;
				CLANG_WARN_CONSTANT_CONVERSION = YES;
				CLANG_WARN_DIRECT_OBJC_ISA_USAGE = YES_ERROR;
				CLANG_WARN_DOCUMENTATION_COMMENTS = YES;
				CLANG_WARN_EMPTY_BODY = YES;
				CLANG_WARN_ENUM_CONVERSION = YES;
				CLANG_WARN_INFINITE_RECURSION = YES;
				CLANG_WARN_INT_CONVERSION = YES;
				CLANG_WARN_OBJC_ROOT_CLASS = YES_ERROR;
				CLANG_WARN_SUSPICIOUS_MOVES = YES;
				CLANG_WARN_UNREACHABLE_CODE = YES;
				CLANG_WARN__DUPLICATE_METHOD_MATCH = YES;
				"CODE_SIGN_IDENTITY[sdk=iphoneos*]" = "iPhone Developer";
				COPY_PHASE_STRIP = NO;
				DEBUG_INFORMATION_FORMAT = dwarf;
				ENABLE_STRICT_OBJC_MSGSEND = YES;
				ENABLE_TESTABILITY = YES;
				GCC_C_LANGUAGE_STANDARD = gnu99;
				GCC_DYNAMIC_NO_PIC = NO;
				GCC_NO_COMMON_BLOCKS = YES;
				GCC_OPTIMIZATION_LEVEL = 0;
				GCC_PREPROCESSOR_DEFINITIONS = (
					"DEBUG=1",
					"$(inherited)",
				);
				GCC_WARN_64_TO_32_BIT_CONVERSION = YES;
				GCC_WARN_ABOUT_RETURN_TYPE = YES_ERROR;
				GCC_WARN_UNDECLARED_SELECTOR = YES;
				GCC_WARN_UNINITIALIZED_AUTOS = YES_AGGRESSIVE;
				GCC_WARN_UNUSED_FUNCTION = YES;
				GCC_WARN_UNUSED_VARIABLE = YES;
				IPHONEOS_DEPLOYMENT_TARGET = 10.1;
				MTL_ENABLE_DEBUG_INFO = YES;
				ONLY_ACTIVE_ARCH = YES;
				SDKROOT = iphoneos;
			};
			name = Debug;
		};
		03191CE21E4C55B90013DDEF /* Release */ = {
			isa = XCBuildConfiguration;
			buildSettings = {
				ALWAYS_SEARCH_USER_PATHS = NO;
				CLANG_ANALYZER_NONNULL = YES;
				CLANG_CXX_LANGUAGE_STANDARD = "gnu++0x";
				CLANG_CXX_LIBRARY = "libc++";
				CLANG_ENABLE_MODULES = YES;
				CLANG_ENABLE_OBJC_ARC = YES;
				CLANG_WARN_BOOL_CONVERSION = YES;
				CLANG_WARN_CONSTANT_CONVERSION = YES;
				CLANG_WARN_DIRECT_OBJC_ISA_USAGE = YES_ERROR;
				CLANG_WARN_DOCUMENTATION_COMMENTS = YES;
				CLANG_WARN_EMPTY_BODY = YES;
				CLANG_WARN_ENUM_CONVERSION = YES;
				CLANG_WARN_INFINITE_RECURSION = YES;
				CLANG_WARN_INT_CONVERSION = YES;
				CLANG_WARN_OBJC_ROOT_CLASS = YES_ERROR;
				CLANG_WARN_SUSPICIOUS_MOVES = YES;
				CLANG_WARN_UNREACHABLE_CODE = YES;
				CLANG_WARN__DUPLICATE_METHOD_MATCH = YES;
				"CODE_SIGN_IDENTITY[sdk=iphoneos*]" = "iPhone Developer";
				COPY_PHASE_STRIP = NO;
				DEBUG_INFORMATION_FORMAT = "dwarf-with-dsym";
				ENABLE_NS_ASSERTIONS = NO;
				ENABLE_STRICT_OBJC_MSGSEND = YES;
				GCC_C_LANGUAGE_STANDARD = gnu99;
				GCC_NO_COMMON_BLOCKS = YES;
				GCC_WARN_64_TO_32_BIT_CONVERSION = YES;
				GCC_WARN_ABOUT_RETURN_TYPE = YES_ERROR;
				GCC_WARN_UNDECLARED_SELECTOR = YES;
				GCC_WARN_UNINITIALIZED_AUTOS = YES_AGGRESSIVE;
				GCC_WARN_UNUSED_FUNCTION = YES;
				GCC_WARN_UNUSED_VARIABLE = YES;
				IPHONEOS_DEPLOYMENT_TARGET = 10.1;
				MTL_ENABLE_DEBUG_INFO = NO;
				SDKROOT = iphoneos;
				VALIDATE_PRODUCT = YES;
			};
			name = Release;
		};
		03191CE41E4C55B90013DDEF /* Debug */ = {
			isa = XCBuildConfiguration;
			buildSettings = {
				DEVELOPMENT_TEAM = GDAMSZMNE5;
				OTHER_LDFLAGS = "-ObjC";
				PRODUCT_NAME = "$(TARGET_NAME)";
				SKIP_INSTALL = YES;
			};
			name = Debug;
		};
		03191CE51E4C55B90013DDEF /* Release */ = {
			isa = XCBuildConfiguration;
			buildSettings = {
				DEVELOPMENT_TEAM = GDAMSZMNE5;
				OTHER_LDFLAGS = "-ObjC";
				PRODUCT_NAME = "$(TARGET_NAME)";
				SKIP_INSTALL = YES;
			};
			name = Release;
		};
/* End XCBuildConfiguration section */

/* Begin XCConfigurationList section */
		03191CD51E4C55B90013DDEF /* Build configuration list for PBXProject "ZJImageBrowserManager" */ = {
			isa = XCConfigurationList;
			buildConfigurations = (
				03191CE11E4C55B90013DDEF /* Debug */,
				03191CE21E4C55B90013DDEF /* Release */,
			);
			defaultConfigurationIsVisible = 0;
			defaultConfigurationName = Release;
		};
		03191CE31E4C55B90013DDEF /* Build configuration list for PBXNativeTarget "ZJImageBrowserManager" */ = {
			isa = XCConfigurationList;
			buildConfigurations = (
				03191CE41E4C55B90013DDEF /* Debug */,
				03191CE51E4C55B90013DDEF /* Release */,
			);
			defaultConfigurationIsVisible = 0;
		};
/* End XCConfigurationList section */
	};
	rootObject = 03191CD21E4C55B90013DDEF /* Project object */;
}
